# This file is automatically @generated by Cargo.
# It is not intended for manual editing.
version = 3

[[package]]
name = "calendrical_calculations"
version = "0.1.0"
source = "registry+https://github.com/rust-lang/crates.io-index"
checksum = "8dfe3bc6a50b4667fafdb6d9cf26731c5418c457e317d8166c972014facf9a5d"
dependencies = [
 "core_maths",
 "displaydoc",
]

[[package]]
name = "cobs"
version = "0.2.3"
source = "registry+https://github.com/rust-lang/crates.io-index"
checksum = "67ba02a97a2bd10f4b59b25c7973101c79642302776489e030cd13cdab09ed15"

[[package]]
name = "colored"
version = "2.1.0"
source = "registry+https://github.com/rust-lang/crates.io-index"
checksum = "cbf2150cce219b664a8a70df7a1f933836724b503f8a413af9365b4dcc4d90b8"
dependencies = [
 "lazy_static",
 "windows-sys",
]

[[package]]
name = "core_maths"
version = "0.1.0"
source = "registry+https://github.com/rust-lang/crates.io-index"
checksum = "e3b02505ccb8c50b0aa21ace0fc08c3e53adebd4e58caa18a36152803c7709a3"
dependencies = [
 "libm",
]

[[package]]
name = "databake"
version = "0.1.7"
source = "registry+https://github.com/rust-lang/crates.io-index"
checksum = "82175d72e69414ceafbe2b49686794d3a8bed846e0d50267355f83ea8fdd953a"
dependencies = [
 "databake-derive",
 "proc-macro2",
 "quote",
]

[[package]]
name = "databake-derive"
version = "0.1.7"
source = "registry+https://github.com/rust-lang/crates.io-index"
checksum = "377af281d8f23663862a7c84623bc5dcf7f8c44b13c7496a590bdc157f941a43"
dependencies = [
 "proc-macro2",
 "quote",
 "syn",
 "synstructure",
]

[[package]]
name = "deduplicating_array"
version = "0.1.5"
source = "registry+https://github.com/rust-lang/crates.io-index"
checksum = "a636096586ca093a10ac0175bfb384d024089dca0dae54e3e69bc1c1596358e8"
dependencies = [
 "serde",
]

[[package]]
name = "deranged"
version = "0.3.11"
source = "registry+https://github.com/rust-lang/crates.io-index"
checksum = "b42b6fa04a440b495c8b04d0e71b707c585f83cb9cb28cf8cd0d976c315e31b4"
dependencies = [
 "powerfmt",
]

[[package]]
name = "diplomat"
version = "0.7.0"
source = "registry+https://github.com/rust-lang/crates.io-index"
checksum = "a31672b3ebc3c7866c3c98726f7a9a5ac8f13962e77d3c8225f6be49a7b8c5f2"
dependencies = [
 "diplomat_core",
 "proc-macro2",
 "quote",
 "syn",
]

[[package]]
name = "diplomat-runtime"
version = "0.7.0"
source = "registry+https://github.com/rust-lang/crates.io-index"
checksum = "f7b0f23d549a46540e26e5490cd44c64ced0d762959f1ffdec6ab0399634cf3c"
dependencies = [
 "log",
]

[[package]]
name = "diplomat_core"
version = "0.7.0"
source = "registry+https://github.com/rust-lang/crates.io-index"
checksum = "bfaa5e13e8b8735d2338f2836c06cd8643902ab87dda1dd07dbb351998ddc127"
dependencies = [
 "lazy_static",
 "proc-macro2",
 "quote",
 "serde",
 "smallvec",
 "strck_ident",
 "syn",
]

[[package]]
name = "displaydoc"
version = "0.2.4"
source = "registry+https://github.com/rust-lang/crates.io-index"
checksum = "487585f4d0c6655fe74905e2504d8ad6908e4db67f744eb140876906c2f3175d"
dependencies = [
 "proc-macro2",
 "quote",
 "syn",
]

[[package]]
name = "either"
version = "1.9.0"
source = "registry+https://github.com/rust-lang/crates.io-index"
checksum = "a26ae43d7bcc3b814de94796a5e736d4029efb0ee900c12e2d54c993ad1a1e07"

[[package]]
name = "embedded-io"
version = "0.4.0"
source = "registry+https://github.com/rust-lang/crates.io-index"
checksum = "ef1a6892d9eef45c8fa6b9e0086428a2cca8491aca8f787c534a3d6d0bcb3ced"

[[package]]
name = "erased-serde"
version = "0.3.31"
source = "registry+https://github.com/rust-lang/crates.io-index"
checksum = "6c138974f9d5e7fe373eb04df7cae98833802ae4b11c24ac7039a21d5af4b26c"
dependencies = [
 "serde",
]

[[package]]
name = "fixed_decimal"
version = "0.5.5"
source = "registry+https://github.com/rust-lang/crates.io-index"
checksum = "cbc7fdec9d7f6671a3ebb3282c969962aba67c49f6abac5311959b65cafabc10"
dependencies = [
 "displaydoc",
 "ryu",
 "smallvec",
 "writeable",
]

[[package]]
name = "icu"
version = "1.4.0"
source = "registry+https://github.com/rust-lang/crates.io-index"
checksum = "21be1c98fbdb29fff7e34b2939a4f30dad330d4cc20f7be1b3956e21032f67ba"
dependencies = [
 "icu_calendar",
 "icu_casemap",
 "icu_collator",
 "icu_collections",
 "icu_compactdecimal",
 "icu_datetime",
 "icu_decimal",
 "icu_displaynames",
 "icu_list",
 "icu_locid",
 "icu_locid_transform",
 "icu_normalizer",
 "icu_plurals",
 "icu_properties",
 "icu_provider",
 "icu_relativetime",
 "icu_segmenter",
 "icu_timezone",
 "icu_transliterate",
]

[[package]]
name = "icu_calendar"
version = "1.4.0"
source = "registry+https://github.com/rust-lang/crates.io-index"
checksum = "7eb932a690c92f87955e923106181ee0d5682e688ff37fb5c7b296e1fe806edb"
dependencies = [
 "calendrical_calculations",
 "databake",
 "displaydoc",
 "icu_calendar_data",
 "icu_locid",
 "icu_locid_transform",
 "icu_provider",
 "serde",
 "tinystr",
 "writeable",
 "zerovec",
]

[[package]]
name = "icu_calendar_data"
version = "1.4.0"
source = "registry+https://github.com/rust-lang/crates.io-index"
checksum = "22aec7d032735d9acb256eeef72adcac43c3b7572f19b51576a63d664b524ca2"

[[package]]
name = "icu_capi"
version = "1.4.0"
source = "registry+https://github.com/rust-lang/crates.io-index"
checksum = "f5633de9cb76145f449e008304d2a221f082894f59d520f511ccfd52704f3e92"
dependencies = [
 "diplomat",
 "diplomat-runtime",
 "fixed_decimal",
 "icu_calendar",
 "icu_casemap",
 "icu_collator",
 "icu_collections",
 "icu_datetime",
 "icu_decimal",
 "icu_displaynames",
 "icu_list",
 "icu_locid",
 "icu_locid_transform",
 "icu_normalizer",
 "icu_plurals",
 "icu_properties",
 "icu_provider",
 "icu_provider_adapters",
 "icu_provider_blob",
 "icu_segmenter",
 "icu_timezone",
 "log",
 "serde",
 "simple_logger",
 "tinystr",
 "unicode-bidi",
 "writeable",
]

[[package]]
name = "icu_casemap"
version = "1.4.0"
source = "registry+https://github.com/rust-lang/crates.io-index"
checksum = "7988d4f2655012592ac5b027722a93fbe12ff2a86d3e0f9ae686aedba0984f5e"
dependencies = [
 "displaydoc",
 "icu_casemap_data",
 "icu_collections",
 "icu_locid",
 "icu_properties",
 "icu_provider",
 "serde",
 "writeable",
 "zerovec",
]

[[package]]
name = "icu_casemap_data"
version = "1.4.0"
source = "registry+https://github.com/rust-lang/crates.io-index"
checksum = "f36409fb8ce6f87c408310d87396ac471cc7320e007e648814c607c60fe77cc5"

[[package]]
name = "icu_collator"
version = "1.4.0"
source = "registry+https://github.com/rust-lang/crates.io-index"
checksum = "8a2a45056e541cffde068f5c81ac1c0503b9ee2a4b967546422e509c5c653750"
dependencies = [
 "displaydoc",
 "icu_collator_data",
 "icu_collections",
 "icu_locid",
 "icu_locid_transform",
 "icu_normalizer",
 "icu_properties",
 "icu_provider",
 "serde",
 "smallvec",
 "utf16_iter",
 "utf8_iter",
 "zerovec",
]

[[package]]
name = "icu_collator_data"
version = "1.4.0"
source = "registry+https://github.com/rust-lang/crates.io-index"
checksum = "39774016c5b9ad006941f3196fea83ade662d9167eb573111c8f4cc9593e2999"

[[package]]
name = "icu_collections"
version = "1.4.0"
source = "registry+https://github.com/rust-lang/crates.io-index"
checksum = "137d96353afc8544d437e8a99eceb10ab291352699573b0de5b08bda38c78c60"
dependencies = [
 "displaydoc",
 "serde",
 "yoke",
 "zerofrom",
 "zerovec",
]

[[package]]
name = "icu_compactdecimal"
version = "0.2.3"
source = "registry+https://github.com/rust-lang/crates.io-index"
checksum = "0d3c22da90659121ae1e38bd0fb378d15179c820f56a0c278032fb4eb5a0ca60"
dependencies = [
 "displaydoc",
 "fixed_decimal",
 "icu_compactdecimal_data",
 "icu_decimal",
 "icu_locid_transform",
 "icu_plurals",
 "icu_provider",
 "writeable",
 "zerovec",
]

[[package]]
name = "icu_compactdecimal_data"
version = "1.4.0"
source = "registry+https://github.com/rust-lang/crates.io-index"
checksum = "53eaf4902ee2e804f2583611722f6961fe85f31eab7ec790f47dde2d1cd494fb"

[[package]]
name = "icu_datetime"
version = "1.4.0"
source = "registry+https://github.com/rust-lang/crates.io-index"
checksum = "1508c7ed627cc0b031c81203eb98f34433e24b32b39d5b2c0238e4962a00957d"
dependencies = [
 "databake",
 "displaydoc",
 "either",
 "fixed_decimal",
 "icu_calendar",
 "icu_datetime_data",
 "icu_decimal",
 "icu_locid",
 "icu_locid_transform",
 "icu_plurals",
 "icu_provider",
 "icu_timezone",
 "litemap",
 "serde",
 "smallvec",
 "tinystr",
 "writeable",
 "zerovec",
]

[[package]]
name = "icu_datetime_data"
version = "1.4.0"
source = "registry+https://github.com/rust-lang/crates.io-index"
checksum = "e6abc569cb4ee80b30707566f05c5c9ed4bed765f91ce41e7f5a37c5e6a75b3f"

[[package]]
name = "icu_decimal"
version = "1.4.0"
source = "registry+https://github.com/rust-lang/crates.io-index"
checksum = "dcf994f9ed8061c17bb313f28fba6cffc736f0a16c7fab827efc9b73fd3f7778"
dependencies = [
 "displaydoc",
 "fixed_decimal",
 "icu_decimal_data",
 "icu_locid",
 "icu_locid_transform",
 "icu_provider",
 "serde",
 "writeable",
]

[[package]]
name = "icu_decimal_data"
version = "1.4.0"
source = "registry+https://github.com/rust-lang/crates.io-index"
checksum = "df2de3548316b697c70f30dec1395c9212db09df1d86a27624ee24872b71326c"

[[package]]
name = "icu_displaynames"
version = "0.11.2"
source = "registry+https://github.com/rust-lang/crates.io-index"
checksum = "726c0d83ff52f05907275f39e5bb7949a92fa3d09538de60cf73ccf8ee89a613"
dependencies = [
 "icu_displaynames_data",
 "icu_locid",
 "icu_locid_transform",
 "icu_provider",
 "serde",
 "tinystr",
 "zerovec",
]

[[package]]
name = "icu_displaynames_data"
version = "1.4.0"
source = "registry+https://github.com/rust-lang/crates.io-index"
checksum = "af40e6b723e5e6d9359cf0bb4e4ed6dfb9d6ab16b73b5c82b61f947e88bb30f6"

[[package]]
name = "icu_list"
version = "1.4.0"
source = "registry+https://github.com/rust-lang/crates.io-index"
checksum = "fe6c04ec71ad1bacdbfb47164d4801f80a0533d9340f94f1a880f521eff59f54"
dependencies = [
 "deduplicating_array",
 "displaydoc",
 "icu_list_data",
 "icu_locid_transform",
 "icu_provider",
 "regex-automata",
 "serde",
 "writeable",
]

[[package]]
name = "icu_list_data"
version = "1.4.0"
source = "registry+https://github.com/rust-lang/crates.io-index"
checksum = "42f6afcf7a9a7fedece70b7f17d7a7ecdfb8df145d37ae46d0277cd1e3932532"

[[package]]
name = "icu_locid"
version = "1.4.0"
source = "registry+https://github.com/rust-lang/crates.io-index"
checksum = "5c0aa2536adc14c07e2a521e95512b75ed8ef832f0fdf9299d4a0a45d2be2a9d"
dependencies = [
 "displaydoc",
 "litemap",
 "serde",
 "tinystr",
 "writeable",
 "zerovec",
]

[[package]]
name = "icu_locid_transform"
version = "1.4.0"
source = "registry+https://github.com/rust-lang/crates.io-index"
checksum = "57c17d8f6524fdca4471101dd71f0a132eb6382b5d6d7f2970441cb25f6f435a"
dependencies = [
 "displaydoc",
 "icu_locid",
 "icu_locid_transform_data",
 "icu_provider",
 "serde",
 "tinystr",
 "zerovec",
]

[[package]]
name = "icu_locid_transform_data"
version = "1.4.0"
source = "registry+https://github.com/rust-lang/crates.io-index"
checksum = "545c6c3e8bf9580e2dafee8de6f9ec14826aaf359787789c7724f1f85f47d3dc"

[[package]]
name = "icu_normalizer"
version = "1.4.0"
source = "registry+https://github.com/rust-lang/crates.io-index"
checksum = "419a6ef743237a64c37619def388b13f6266318a24652dff91ca046a7c4afc40"
dependencies = [
 "displaydoc",
 "icu_collections",
 "icu_normalizer_data",
 "icu_properties",
 "icu_provider",
 "serde",
 "smallvec",
 "utf16_iter",
 "utf8_iter",
 "write16",
 "zerovec",
]

[[package]]
name = "icu_normalizer_data"
version = "1.4.0"
source = "registry+https://github.com/rust-lang/crates.io-index"
checksum = "22026918a80e6a9a330cb01b60f950e2b4e5284c59528fd0c6150076ef4c8522"

[[package]]
name = "icu_plurals"
version = "1.4.0"
source = "registry+https://github.com/rust-lang/crates.io-index"
checksum = "37d807b123eb2a9ae8f12080fb8cce479f5c8a761fba0bb5ab52da6dd5e31a03"
dependencies = [
 "displaydoc",
 "fixed_decimal",
 "icu_locid",
 "icu_locid_transform",
 "icu_plurals_data",
 "icu_provider",
 "serde",
 "zerovec",
]

[[package]]
name = "icu_plurals_data"
version = "1.4.0"
source = "registry+https://github.com/rust-lang/crates.io-index"
checksum = "c3acd5f1f2f988ed2dae9316c3d3560dfe4e03a7516d142b4b89b92252ada41a"

[[package]]
name = "icu_properties"
version = "1.4.0"
source = "registry+https://github.com/rust-lang/crates.io-index"
checksum = "976e296217453af983efa25f287a4c1da04b9a63bf1ed63719455068e4453eb5"
dependencies = [
 "displaydoc",
 "icu_collections",
 "icu_locid_transform",
 "icu_properties_data",
 "icu_provider",
 "serde",
 "tinystr",
 "unicode-bidi",
 "zerovec",
]

[[package]]
name = "icu_properties_data"
version = "1.4.0"
source = "registry+https://github.com/rust-lang/crates.io-index"
checksum = "f6a86c0e384532b06b6c104814f9c1b13bcd5b64409001c0d05713a1f3529d99"

[[package]]
name = "icu_provider"
version = "1.4.0"
source = "registry+https://github.com/rust-lang/crates.io-index"
checksum = "ba58e782287eb6950247abbf11719f83f5d4e4a5c1f2cd490d30a334bc47c2f4"
dependencies = [
 "databake",
 "displaydoc",
 "erased-serde",
 "icu_locid",
 "icu_provider_macros",
 "log",
 "postcard",
 "serde",
 "stable_deref_trait",
 "tinystr",
 "writeable",
 "yoke",
 "zerofrom",
 "zerovec",
]

[[package]]
name = "icu_provider_adapters"
version = "1.4.0"
source = "registry+https://github.com/rust-lang/crates.io-index"
checksum = "a229f978260da7c3aabb68cb7dc7316589936680570fe55e50fdd3f97711a4dd"
dependencies = [
 "icu_locid",
 "icu_locid_transform",
 "icu_provider",
 "serde",
 "tinystr",
 "zerovec",
]

[[package]]
name = "icu_provider_blob"
version = "1.4.0"
source = "registry+https://github.com/rust-lang/crates.io-index"
checksum = "4a7202cddda672db167c6352719959e9b01cb1ca576d32fa79103f61b5a73601"
dependencies = [
 "icu_provider",
 "postcard",
 "serde",
 "writeable",
 "zerotrie",
 "zerovec",
]

[[package]]
name = "icu_provider_macros"
version = "1.4.0"
source = "registry+https://github.com/rust-lang/crates.io-index"
checksum = "d2abdd3a62551e8337af119c5899e600ca0c88ec8f23a46c60ba216c803dcf1a"
dependencies = [
 "proc-macro2",
 "quote",
 "syn",
]

[[package]]
name = "icu_relativetime"
version = "0.1.4"
source = "registry+https://github.com/rust-lang/crates.io-index"
checksum = "47825312a5eb0790bad7b718fa8d41a8ea1e0ba597b4f7bb84bcfe97d7fc5aba"
dependencies = [
 "displaydoc",
 "fixed_decimal",
 "icu_decimal",
 "icu_locid_transform",
 "icu_plurals",
 "icu_provider",
 "icu_relativetime_data",
 "serde",
 "writeable",
 "zerovec",
]

[[package]]
name = "icu_relativetime_data"
version = "1.4.0"
source = "registry+https://github.com/rust-lang/crates.io-index"
checksum = "05b55cc15ea8981fbba78e9347d0c4003d4490c85f76e9adc7f270290046cae8"

[[package]]
name = "icu_segmenter"
version = "1.4.0"
source = "registry+https://github.com/rust-lang/crates.io-index"
checksum = "b2dc1e8f4ba33a6a4956770ac5c08570f255d6605519fb3a859a0c0a270a2f8f"
dependencies = [
 "core_maths",
 "displaydoc",
 "icu_collections",
 "icu_locid",
 "icu_provider",
 "icu_segmenter_data",
 "serde",
 "utf8_iter",
 "zerovec",
]

[[package]]
name = "icu_segmenter_data"
version = "1.4.0"
source = "registry+https://github.com/rust-lang/crates.io-index"
checksum = "3673d6698dcffce08cfe8fc5da3c11c3f2c663d5d6137fd58ab2cbf44235ab46"

[[package]]
name = "icu_timezone"
version = "1.4.0"
source = "registry+https://github.com/rust-lang/crates.io-index"
checksum = "b35aabe571a7c653c0f543ff1512b8a1b2ad481cfa24b3d25115298d2ff3b50f"
dependencies = [
 "databake",
 "displaydoc",
 "icu_calendar",
 "icu_locid",
 "icu_provider",
 "icu_timezone_data",
 "serde",
 "tinystr",
 "zerotrie",
 "zerovec",
]

[[package]]
name = "icu_timezone_data"
version = "1.4.0"
source = "registry+https://github.com/rust-lang/crates.io-index"
checksum = "6ceee21e181cce2ab44e95923da6b3418df75369f570df82264c29c51ca398d4"

[[package]]
name = "icu_transliterate"
version = "0.1.2"
source = "registry+https://github.com/rust-lang/crates.io-index"
checksum = "355d06adc2c523000464c6838c824558ce771219341378e9e5577975aa792761"
dependencies = [
 "displaydoc",
 "icu_collections",
 "icu_locid",
 "icu_normalizer",
 "icu_properties",
 "icu_provider",
 "icu_unicodeset_parse",
 "litemap",
 "serde",
 "writeable",
 "zerovec",
]

[[package]]
name = "icu_unicodeset_parse"
version = "0.1.2"
source = "registry+https://github.com/rust-lang/crates.io-index"
checksum = "ebbb145196a0b3a17c7278a42eaea52b2b22c34edf4d8123364d00ae2aeb96d1"
dependencies = [
 "icu_collections",
 "icu_properties",
 "icu_provider",
 "tinystr",
 "zerovec",
]

[[package]]
name = "itoa"
version = "1.0.10"
source = "registry+https://github.com/rust-lang/crates.io-index"
checksum = "b1a46d1a171d865aa5f83f92695765caa047a9b4cbae2cbf37dbd613a793fd4c"

[[package]]
name = "lazy_static"
version = "1.4.0"
source = "registry+https://github.com/rust-lang/crates.io-index"
checksum = "e2abad23fbc42b3700f2f279844dc832adb2b2eb069b2df918f455c4e18cc646"

[[package]]
name = "libc"
version = "0.2.152"
source = "registry+https://github.com/rust-lang/crates.io-index"
checksum = "13e3bf6590cbc649f4d1a3eefc9d5d6eb746f5200ffb04e5e142700b8faa56e7"

[[package]]
name = "libm"
version = "0.2.8"
source = "registry+https://github.com/rust-lang/crates.io-index"
checksum = "4ec2a862134d2a7d32d7983ddcdd1c4923530833c9f2ea1a44fc5fa473989058"

[[package]]
name = "litemap"
version = "0.7.2"
source = "registry+https://github.com/rust-lang/crates.io-index"
checksum = "f9d642685b028806386b2b6e75685faadd3eb65a85fff7df711ce18446a422da"
dependencies = [
 "serde",
]

[[package]]
name = "log"
version = "0.4.20"
source = "registry+https://github.com/rust-lang/crates.io-index"
checksum = "b5e6163cb8c49088c2c36f57875e58ccd8c87c7427f7fbd50ea6710b2f3f2e8f"

[[package]]
name = "memchr"
version = "2.7.1"
source = "registry+https://github.com/rust-lang/crates.io-index"
checksum = "523dc4f511e55ab87b694dc30d0f820d60906ef06413f93d4d7a1385599cc149"

[[package]]
name = "num_threads"
version = "0.1.6"
source = "registry+https://github.com/rust-lang/crates.io-index"
checksum = "2819ce041d2ee131036f4fc9d6ae7ae125a3a40e97ba64d04fe799ad9dabbb44"
dependencies = [
 "libc",
]

[[package]]
name = "postcard"
version = "1.0.8"
source = "registry+https://github.com/rust-lang/crates.io-index"
checksum = "a55c51ee6c0db07e68448e336cf8ea4131a620edefebf9893e759b2d793420f8"
dependencies = [
 "cobs",
 "embedded-io",
 "serde",
]

[[package]]
name = "powerfmt"
version = "0.2.0"
source = "registry+https://github.com/rust-lang/crates.io-index"
checksum = "439ee305def115ba05938db6eb1644ff94165c5ab5e9420d1c1bcedbba909391"

[[package]]
name = "proc-macro2"
version = "1.0.75"
source = "registry+https://github.com/rust-lang/crates.io-index"
checksum = "907a61bd0f64c2f29cd1cf1dc34d05176426a3f504a78010f08416ddb7b13708"
dependencies = [
 "unicode-ident",
]

[[package]]
name = "quote"
version = "1.0.35"
source = "registry+https://github.com/rust-lang/crates.io-index"
checksum = "291ec9ab5efd934aaf503a6466c5d5251535d108ee747472c3977cc5acc868ef"
dependencies = [
 "proc-macro2",
]

[[package]]
name = "regex-automata"
version = "0.2.0"
source = "registry+https://github.com/rust-lang/crates.io-index"
checksum = "e9368763f5a9b804326f3af749e16f9abf378d227bcdee7634b13d8f17793782"
dependencies = [
 "memchr",
]

[[package]]
name = "rust-scratch"
version = "0.1.0"
dependencies = [
 "icu",
 "icu_capi",
 "icu_datetime",
 "icu_provider",
 "icu_provider_adapters",
 "icu_provider_blob",
 "litemap",
 "zerotrie",
 "zerovec",
]

[[package]]
name = "ryu"
version = "1.0.16"
source = "registry+https://github.com/rust-lang/crates.io-index"
checksum = "f98d2aa92eebf49b69786be48e4477826b256916e84a57ff2a4f21923b48eb4c"

[[package]]
name = "serde"
version = "1.0.194"
source = "registry+https://github.com/rust-lang/crates.io-index"
checksum = "0b114498256798c94a0689e1a15fec6005dee8ac1f41de56404b67afc2a4b773"
dependencies = [
 "serde_derive",
]

[[package]]
name = "serde_derive"
version = "1.0.194"
source = "registry+https://github.com/rust-lang/crates.io-index"
checksum = "a3385e45322e8f9931410f01b3031ec534c3947d0e94c18049af4d9f9907d4e0"
dependencies = [
 "proc-macro2",
 "quote",
 "syn",
]

[[package]]
name = "simple_logger"
version = "4.3.3"
source = "registry+https://github.com/rust-lang/crates.io-index"
checksum = "8e7e46c8c90251d47d08b28b8a419ffb4aede0f87c2eea95e17d1d5bacbf3ef1"
dependencies = [
 "colored",
 "log",
 "time",
 "windows-sys",
]

[[package]]
name = "smallvec"
version = "1.11.2"
source = "registry+https://github.com/rust-lang/crates.io-index"
checksum = "4dccd0940a2dcdf68d092b8cbab7dc0ad8fa938bf95787e1b916b0e3d0e8e970"
dependencies = [
 "serde",
]

[[package]]
name = "stable_deref_trait"
version = "1.2.0"
source = "registry+https://github.com/rust-lang/crates.io-index"
checksum = "a8f112729512f8e442d81f95a8a7ddf2b7c6b8a1a6f509a95864142b30cab2d3"

[[package]]
name = "strck"
version = "0.1.2"
source = "registry+https://github.com/rust-lang/crates.io-index"
checksum = "be91090ded9d8f979d9fe921777342d37e769e0b6b7296843a7a38247240e917"

[[package]]
name = "strck_ident"
version = "0.1.2"
source = "registry+https://github.com/rust-lang/crates.io-index"
checksum = "e1c3802b169b3858a44667f221c9a0b3136e6019936ea926fc97fbad8af77202"
dependencies = [
 "strck",
 "unicode-ident",
]

[[package]]
name = "syn"
version = "2.0.48"
source = "registry+https://github.com/rust-lang/crates.io-index"
checksum = "0f3531638e407dfc0814761abb7c00a5b54992b849452a0646b7f65c9f770f3f"
dependencies = [
 "proc-macro2",
 "quote",
 "unicode-ident",
]

[[package]]
name = "synstructure"
version = "0.13.0"
source = "registry+https://github.com/rust-lang/crates.io-index"
checksum = "285ba80e733fac80aa4270fbcdf83772a79b80aa35c97075320abfee4a915b06"
dependencies = [
 "proc-macro2",
 "quote",
 "syn",
 "unicode-xid",
]

[[package]]
name = "time"
version = "0.3.31"
source = "registry+https://github.com/rust-lang/crates.io-index"
checksum = "f657ba42c3f86e7680e53c8cd3af8abbe56b5491790b46e22e19c0d57463583e"
dependencies = [
 "deranged",
 "itoa",
 "libc",
 "num_threads",
 "powerfmt",
 "serde",
 "time-core",
 "time-macros",
]

[[package]]
name = "time-core"
version = "0.1.2"
source = "registry+https://github.com/rust-lang/crates.io-index"
checksum = "ef927ca75afb808a4d64dd374f00a2adf8d0fcff8e7b184af886c3c87ec4a3f3"

[[package]]
name = "time-macros"
version = "0.2.16"
source = "registry+https://github.com/rust-lang/crates.io-index"
checksum = "26197e33420244aeb70c3e8c78376ca46571bc4e701e4791c2cd9f57dcb3a43f"
dependencies = [
 "time-core",
]

[[package]]
name = "tinystr"
version = "0.7.5"
source = "registry+https://github.com/rust-lang/crates.io-index"
checksum = "83c02bf3c538ab32ba913408224323915f4ef9a6d61c0e85d493f355921c0ece"
dependencies = [
 "databake",
 "displaydoc",
 "serde",
 "zerovec",
]

[[package]]
name = "unicode-bidi"
version = "0.3.14"
source = "registry+https://github.com/rust-lang/crates.io-index"
checksum = "6f2528f27a9eb2b21e69c95319b30bd0efd85d09c379741b0f78ea1d86be2416"

[[package]]
name = "unicode-ident"
version = "1.0.12"
source = "registry+https://github.com/rust-lang/crates.io-index"
checksum = "3354b9ac3fae1ff6755cb6db53683adb661634f67557942dea4facebec0fee4b"

[[package]]
name = "unicode-xid"
version = "0.2.4"
source = "registry+https://github.com/rust-lang/crates.io-index"
checksum = "f962df74c8c05a667b5ee8bcf162993134c104e96440b663c8daa176dc772d8c"

[[package]]
name = "utf16_iter"
version = "1.0.5"
source = "registry+https://github.com/rust-lang/crates.io-index"
checksum = "c8232dd3cdaed5356e0f716d285e4b40b932ac434100fe9b7e0e8e935b9e6246"

[[package]]
name = "utf8_iter"
version = "1.0.4"
source = "registry+https://github.com/rust-lang/crates.io-index"
checksum = "b6c140620e7ffbb22c2dee59cafe6084a59b5ffc27a8859a5f0d494b5d52b6be"

[[package]]
name = "windows-sys"
version = "0.48.0"
source = "registry+https://github.com/rust-lang/crates.io-index"
checksum = "677d2418bec65e3338edb076e806bc1ec15693c5d0104683f2efe857f61056a9"
dependencies = [
 "windows-targets",
]

[[package]]
name = "windows-targets"
version = "0.48.5"
source = "registry+https://github.com/rust-lang/crates.io-index"
checksum = "9a2fa6e2155d7247be68c096456083145c183cbbbc2764150dda45a87197940c"
dependencies = [
 "windows_aarch64_gnullvm",
 "windows_aarch64_msvc",
 "windows_i686_gnu",
 "windows_i686_msvc",
 "windows_x86_64_gnu",
 "windows_x86_64_gnullvm",
 "windows_x86_64_msvc",
]

[[package]]
name = "windows_aarch64_gnullvm"
version = "0.48.5"
source = "registry+https://github.com/rust-lang/crates.io-index"
checksum = "2b38e32f0abccf9987a4e3079dfb67dcd799fb61361e53e2882c3cbaf0d905d8"

[[package]]
name = "windows_aarch64_msvc"
version = "0.48.5"
source = "registry+https://github.com/rust-lang/crates.io-index"
checksum = "dc35310971f3b2dbbf3f0690a219f40e2d9afcf64f9ab7cc1be722937c26b4bc"

[[package]]
name = "windows_i686_gnu"
version = "0.48.5"
source = "registry+https://github.com/rust-lang/crates.io-index"
checksum = "a75915e7def60c94dcef72200b9a8e58e5091744960da64ec734a6c6e9b3743e"

[[package]]
name = "windows_i686_msvc"
version = "0.48.5"
source = "registry+https://github.com/rust-lang/crates.io-index"
checksum = "8f55c233f70c4b27f66c523580f78f1004e8b5a8b659e05a4eb49d4166cca406"

[[package]]
name = "windows_x86_64_gnu"
version = "0.48.5"
source = "registry+https://github.com/rust-lang/crates.io-index"
checksum = "53d40abd2583d23e4718fddf1ebec84dbff8381c07cae67ff7768bbf19c6718e"

[[package]]
name = "windows_x86_64_gnullvm"
version = "0.48.5"
source = "registry+https://github.com/rust-lang/crates.io-index"
checksum = "0b7b52767868a23d5bab768e390dc5f5c55825b6d30b86c844ff2dc7414044cc"

[[package]]
name = "windows_x86_64_msvc"
version = "0.48.5"
source = "registry+https://github.com/rust-lang/crates.io-index"
checksum = "ed94fce61571a4006852b7389a063ab983c02eb1bb37b47f8272ce92d06d9538"

[[package]]
name = "write16"
version = "1.0.0"
source = "registry+https://github.com/rust-lang/crates.io-index"
checksum = "d1890f4022759daae28ed4fe62859b1236caebfc61ede2f63ed4e695f3f6d936"

[[package]]
name = "writeable"
version = "0.5.4"
source = "registry+https://github.com/rust-lang/crates.io-index"
checksum = "dad7bb64b8ef9c0aa27b6da38b452b0ee9fd82beaf276a87dd796fb55cbae14e"

[[package]]
name = "yoke"
version = "0.7.3"
source = "registry+https://github.com/rust-lang/crates.io-index"
checksum = "65e71b2e4f287f467794c671e2b8f8a5f3716b3c829079a1c44740148eff07e4"
dependencies = [
 "serde",
 "stable_deref_trait",
 "yoke-derive",
 "zerofrom",
]

[[package]]
name = "yoke-derive"
version = "0.7.3"
source = "registry+https://github.com/rust-lang/crates.io-index"
checksum = "9e6936f0cce458098a201c245a11bef556c6a0181129c7034d10d76d1ec3a2b8"
dependencies = [
 "proc-macro2",
 "quote",
 "syn",
 "synstructure",
]

[[package]]
name = "zerofrom"
version = "0.1.3"
source = "registry+https://github.com/rust-lang/crates.io-index"
checksum = "655b0814c5c0b19ade497851070c640773304939a6c0fd5f5fb43da0696d05b7"
dependencies = [
 "zerofrom-derive",
]

[[package]]
name = "zerofrom-derive"
version = "0.1.3"
source = "registry+https://github.com/rust-lang/crates.io-index"
checksum = "e6a647510471d372f2e6c2e6b7219e44d8c574d24fdc11c610a61455782f18c3"
dependencies = [
 "proc-macro2",
 "quote",
 "syn",
 "synstructure",
]

[[package]]
name = "zerotrie"
version = "0.1.2"
source = "registry+https://github.com/rust-lang/crates.io-index"
checksum = "d0594125a0574fb93059c92c588ab209cc036a23d1baeb3410fa9181bea551a0"
dependencies = [
 "databake",
 "displaydoc",
 "litemap",
 "serde",
 "yoke",
 "zerofrom",
 "zerovec",
]

[[package]]
name = "zerovec"
version = "0.10.1"
source = "registry+https://github.com/rust-lang/crates.io-index"
checksum = "eff4439ae91fb5c72b8abc12f3f2dbf51bd27e6eadb9f8a5bc8898dddb0e27ea"
dependencies = [
 "databake",
 "serde",
 "yoke",
 "zerofrom",
 "zerovec-derive",
]

[[package]]
name = "zerovec-derive"
version = "0.10.1"
source = "registry+https://github.com/rust-lang/crates.io-index"
checksum = "7b4e5997cbf58990550ef1f0e5124a05e47e1ebd33a84af25739be6031a62c20"
dependencies = [
 "proc-macro2",
 "quote",
 "syn",
]
